
Microsoft Visual Studio Solution File, Format Version 12.00
# Visual Studio Version 16
VisualStudioVersion = 16.0.30804.86
MinimumVisualStudioVersion = 10.0.40219.1
Project("{2150E333-8FDC-42A3-9474-1A3956D46DE8}") = "examples", "examples", "{F089C7BF-9DD3-4A33-A430-AB877F75E323}"
EndProject
Project("{2150E333-8FDC-42A3-9474-1A3956D46DE8}") = "libs", "libs", "{03C49B5E-F29C-4F7E-B871-72BD6D7D4C3B}"
EndProject
Project("{8BC9CEB8-8B4A-11D0-8D11-00A0C91BC942}") = "WilliamsCRC", "projects\core\vc16\WilliamsCRC.vcxproj", "{E97DEB88-C549-4718-A060-36C39C592AAC}"
EndProject
Project("{2150E333-8FDC-42A3-9474-1A3956D46DE8}") = "Solution Items", "Solution Items", "{AD08C587-5F73-4144-ACE9-7282169536E9}"
EndProject
Project("{2150E333-8FDC-42A3-9474-1A3956D46DE8}") = "test", "test", "{0A74A981-4078-4E04-844E-5BCE9BDF655B}"
EndProject
Project("{2150E333-8FDC-42A3-9474-1A3956D46DE8}") = "component", "component", "{FD022BEA-4F2A-417C-80A4-8ACA0797325C}"
EndProject
Project("{2150E333-8FDC-42A3-9474-1A3956D46DE8}") = "scratch", "scratch", "{1FB80BDC-D2C0-462A-A36B-3D4D5D0411E1}"
EndProject
Project("{8BC9CEB8-8B4A-11D0-8D11-00A0C91BC942}") = "test.scratch.file_checksum", "test\scratch\test.scratch.file_checksum\vc16\test.scratch.file_checksum.vcxproj", "{F3F3829E-5606-44E5-B702-BBCA95E9980F}"
	ProjectSection(ProjectDependencies) = postProject
		{E97DEB88-C549-4718-A060-36C39C592AAC} = {E97DEB88-C549-4718-A060-36C39C592AAC}
	EndProjectSection
EndProject
Project("{2150E333-8FDC-42A3-9474-1A3956D46DE8}") = "unit", "unit", "{17B99003-A5AD-4790-99AA-9069F0FB6EB7}"
EndProject
Global
	GlobalSection(SolutionConfigurationPlatforms) = preSolution
		Debug Multithreaded pseudoUNIX|x64 = Debug Multithreaded pseudoUNIX|x64
		Debug Multithreaded pseudoUNIX|x86 = Debug Multithreaded pseudoUNIX|x86
		Debug Multithreaded|x64 = Debug Multithreaded|x64
		Debug Multithreaded|x86 = Debug Multithreaded|x86
		Release Multithreaded pseudoUNIX|x64 = Release Multithreaded pseudoUNIX|x64
		Release Multithreaded pseudoUNIX|x86 = Release Multithreaded pseudoUNIX|x86
		Release Multithreaded|x64 = Release Multithreaded|x64
		Release Multithreaded|x86 = Release Multithreaded|x86
	EndGlobalSection
	GlobalSection(ProjectConfigurationPlatforms) = postSolution
		{E97DEB88-C549-4718-A060-36C39C592AAC}.Debug Multithreaded pseudoUNIX|x64.ActiveCfg = Debug Multithreaded pseudoUNIX|x64
		{E97DEB88-C549-4718-A060-36C39C592AAC}.Debug Multithreaded pseudoUNIX|x64.Build.0 = Debug Multithreaded pseudoUNIX|x64
		{E97DEB88-C549-4718-A060-36C39C592AAC}.Debug Multithreaded pseudoUNIX|x86.ActiveCfg = Debug Multithreaded pseudoUNIX|Win32
		{E97DEB88-C549-4718-A060-36C39C592AAC}.Debug Multithreaded pseudoUNIX|x86.Build.0 = Debug Multithreaded pseudoUNIX|Win32
		{E97DEB88-C549-4718-A060-36C39C592AAC}.Debug Multithreaded|x64.ActiveCfg = Debug Multithreaded|x64
		{E97DEB88-C549-4718-A060-36C39C592AAC}.Debug Multithreaded|x64.Build.0 = Debug Multithreaded|x64
		{E97DEB88-C549-4718-A060-36C39C592AAC}.Debug Multithreaded|x86.ActiveCfg = Debug Multithreaded|Win32
		{E97DEB88-C549-4718-A060-36C39C592AAC}.Debug Multithreaded|x86.Build.0 = Debug Multithreaded|Win32
		{E97DEB88-C549-4718-A060-36C39C592AAC}.Release Multithreaded pseudoUNIX|x64.ActiveCfg = Release Multithreaded pseudoUNIX|x64
		{E97DEB88-C549-4718-A060-36C39C592AAC}.Release Multithreaded pseudoUNIX|x64.Build.0 = Release Multithreaded pseudoUNIX|x64
		{E97DEB88-C549-4718-A060-36C39C592AAC}.Release Multithreaded pseudoUNIX|x86.ActiveCfg = Release Multithreaded pseudoUNIX|Win32
		{E97DEB88-C549-4718-A060-36C39C592AAC}.Release Multithreaded pseudoUNIX|x86.Build.0 = Release Multithreaded pseudoUNIX|Win32
		{E97DEB88-C549-4718-A060-36C39C592AAC}.Release Multithreaded|x64.ActiveCfg = Release Multithreaded|x64
		{E97DEB88-C549-4718-A060-36C39C592AAC}.Release Multithreaded|x64.Build.0 = Release Multithreaded|x64
		{E97DEB88-C549-4718-A060-36C39C592AAC}.Release Multithreaded|x86.ActiveCfg = Release Multithreaded|Win32
		{E97DEB88-C549-4718-A060-36C39C592AAC}.Release Multithreaded|x86.Build.0 = Release Multithreaded|Win32
		{F3F3829E-5606-44E5-B702-BBCA95E9980F}.Debug Multithreaded pseudoUNIX|x64.ActiveCfg = Debug Multithreaded pseudoUNIX|x64
		{F3F3829E-5606-44E5-B702-BBCA95E9980F}.Debug Multithreaded pseudoUNIX|x64.Build.0 = Debug Multithreaded pseudoUNIX|x64
		{F3F3829E-5606-44E5-B702-BBCA95E9980F}.Debug Multithreaded pseudoUNIX|x86.ActiveCfg = Debug Multithreaded pseudoUNIX|Win32
		{F3F3829E-5606-44E5-B702-BBCA95E9980F}.Debug Multithreaded pseudoUNIX|x86.Build.0 = Debug Multithreaded pseudoUNIX|Win32
		{F3F3829E-5606-44E5-B702-BBCA95E9980F}.Debug Multithreaded|x64.ActiveCfg = Debug Multithreaded|x64
		{F3F3829E-5606-44E5-B702-BBCA95E9980F}.Debug Multithreaded|x64.Build.0 = Debug Multithreaded|x64
		{F3F3829E-5606-44E5-B702-BBCA95E9980F}.Debug Multithreaded|x86.ActiveCfg = Debug Multithreaded|Win32
		{F3F3829E-5606-44E5-B702-BBCA95E9980F}.Debug Multithreaded|x86.Build.0 = Debug Multithreaded|Win32
		{F3F3829E-5606-44E5-B702-BBCA95E9980F}.Release Multithreaded pseudoUNIX|x64.ActiveCfg = Release Multithreaded pseudoUNIX|x64
		{F3F3829E-5606-44E5-B702-BBCA95E9980F}.Release Multithreaded pseudoUNIX|x64.Build.0 = Release Multithreaded pseudoUNIX|x64
		{F3F3829E-5606-44E5-B702-BBCA95E9980F}.Release Multithreaded pseudoUNIX|x86.ActiveCfg = Release Multithreaded pseudoUNIX|Win32
		{F3F3829E-5606-44E5-B702-BBCA95E9980F}.Release Multithreaded pseudoUNIX|x86.Build.0 = Release Multithreaded pseudoUNIX|Win32
		{F3F3829E-5606-44E5-B702-BBCA95E9980F}.Release Multithreaded|x64.ActiveCfg = Release Multithreaded|x64
		{F3F3829E-5606-44E5-B702-BBCA95E9980F}.Release Multithreaded|x64.Build.0 = Release Multithreaded|x64
		{F3F3829E-5606-44E5-B702-BBCA95E9980F}.Release Multithreaded|x86.ActiveCfg = Release Multithreaded|Win32
		{F3F3829E-5606-44E5-B702-BBCA95E9980F}.Release Multithreaded|x86.Build.0 = Release Multithreaded|Win32
	EndGlobalSection
	GlobalSection(SolutionProperties) = preSolution
		HideSolutionNode = FALSE
	EndGlobalSection
	GlobalSection(NestedProjects) = preSolution
		{E97DEB88-C549-4718-A060-36C39C592AAC} = {03C49B5E-F29C-4F7E-B871-72BD6D7D4C3B}
		{FD022BEA-4F2A-417C-80A4-8ACA0797325C} = {0A74A981-4078-4E04-844E-5BCE9BDF655B}
		{1FB80BDC-D2C0-462A-A36B-3D4D5D0411E1} = {0A74A981-4078-4E04-844E-5BCE9BDF655B}
		{17B99003-A5AD-4790-99AA-9069F0FB6EB7} = {0A74A981-4078-4E04-844E-5BCE9BDF655B}
		{F3F3829E-5606-44E5-B702-BBCA95E9980F} = {1FB80BDC-D2C0-462A-A36B-3D4D5D0411E1}
	EndGlobalSection
	GlobalSection(ExtensibilityGlobals) = postSolution
		SolutionGuid = {40B08FF8-E023-4BC0-87BB-A5263B524AB2}
	EndGlobalSection
EndGlobal
